
Microsoft Visual Studio Solution File, Format Version 12.00
# Visual Studio Version 17
VisualStudioVersion = 17.2.32630.192
MinimumVisualStudioVersion = 10.0.40219.1
Project("{8BC9CEB8-8B4A-11D0-8D11-00A0C91BC942}") = "B_Doma_i_magazini", "B_Doma_i_magazini\B_Doma_i_magazini.vcxproj", "{1F8446BB-E111-4CED-B0F7-ADDA7D94E18A}"
EndProject
Global
	GlobalSection(SolutionConfigurationPlatforms) = preSolution
		Debug|x64 = Debug|x64
		Debug|x86 = Debug|x86
		Release|x64 = Release|x64
		Release|x86 = Release|x86
	EndGlobalSection
	GlobalSection(ProjectConfigurationPlatforms) = postSolution
		{1F8446BB-E111-4CED-B0F7-ADDA7D94E18A}.Debug|x64.ActiveCfg = Debug|x64
		{1F8446BB-E111-4CED-B0F7-ADDA7D94E18A}.Debug|x64.Build.0 = Debug|x64
		{1F8446BB-E111-4CED-B0F7-ADDA7D94E18A}.Debug|x86.ActiveCfg = Debug|Win32
		{1F8446BB-E111-4CED-B0F7-ADDA7D94E18A}.Debug|x86.Build.0 = Debug|Win32
		{1F8446BB-E111-4CED-B0F7-ADDA7D94E18A}.Release|x64.ActiveCfg = Release|x64
		{1F8446BB-E111-4CED-B0F7-ADDA7D94E18A}.Release|x64.Build.0 = Release|x64
		{1F8446BB-E111-4CED-B0F7-ADDA7D94E18A}.Release|x86.ActiveCfg = Release|Win32
		{1F8446BB-E111-4CED-B0F7-ADDA7D94E18A}.Release|x86.Build.0 = Release|Win32
	EndGlobalSection
	GlobalSection(SolutionProperties) = preSolution
		HideSolutionNode = FALSE
	EndGlobalSection
	GlobalSection(ExtensibilityGlobals) = postSolution
		SolutionGuid = {0267D31A-69BB-4747-95FA-2068E69E7015}
	EndGlobalSection
EndGlobal
