
Microsoft Visual Studio Solution File, Format Version 12.00
# Visual Studio Version 17
VisualStudioVersion = 17.2.32630.192
MinimumVisualStudioVersion = 10.0.40219.1
Project("{8BC9CEB8-8B4A-11D0-8D11-00A0C91BC942}") = "7_SNTP", "7_SNTP\7_SNTP.vcxproj", "{576C96A2-745A-4992-994B-35F3637FADF5}"
EndProject
Global
	GlobalSection(SolutionConfigurationPlatforms) = preSolution
		Debug|x64 = Debug|x64
		Debug|x86 = Debug|x86
		Release|x64 = Release|x64
		Release|x86 = Release|x86
	EndGlobalSection
	GlobalSection(ProjectConfigurationPlatforms) = postSolution
		{576C96A2-745A-4992-994B-35F3637FADF5}.Debug|x64.ActiveCfg = Debug|x64
		{576C96A2-745A-4992-994B-35F3637FADF5}.Debug|x64.Build.0 = Debug|x64
		{576C96A2-745A-4992-994B-35F3637FADF5}.Debug|x86.ActiveCfg = Debug|Win32
		{576C96A2-745A-4992-994B-35F3637FADF5}.Debug|x86.Build.0 = Debug|Win32
		{576C96A2-745A-4992-994B-35F3637FADF5}.Release|x64.ActiveCfg = Release|x64
		{576C96A2-745A-4992-994B-35F3637FADF5}.Release|x64.Build.0 = Release|x64
		{576C96A2-745A-4992-994B-35F3637FADF5}.Release|x86.ActiveCfg = Release|Win32
		{576C96A2-745A-4992-994B-35F3637FADF5}.Release|x86.Build.0 = Release|Win32
	EndGlobalSection
	GlobalSection(SolutionProperties) = preSolution
		HideSolutionNode = FALSE
	EndGlobalSection
	GlobalSection(ExtensibilityGlobals) = postSolution
		SolutionGuid = {9BDE4A5F-45A7-4770-AB19-58EE43D501FE}
	EndGlobalSection
EndGlobal
